<?xml version="1.0" encoding="utf-8"?>
<Project ToolsVersion="4.0" xmlns="http://schemas.microsoft.com/developer/msbuild/2003">
  <ItemGroup>
    <Filter Include="소스 파일">
      <UniqueIdentifier>{4FC737F1-C7A5-4376-A066-2A32D752A2FF}</UniqueIdentifier>
      <Extensions>cpp;c;cc;cxx;def;odl;idl;hpj;bat;asm;asmx</Extensions>
    </Filter>
    <Filter Include="리소스 파일">
      <UniqueIdentifier>{67DA6AB6-F800-4c08-8B7A-83BB121AAD01}</UniqueIdentifier>
      <Extensions>rc;ico;cur;bmp;dlg;rc2;rct;bin;rgs;gif;jpg;jpeg;jpe;resx;tiff;tif;png;wav;mfcribbon-ms</Extensions>
    </Filter>
    <Filter Include="소스 파일\Assets">
      <UniqueIdentifier>{6909e5d7-9e5e-40af-9268-b84ffcc8a048}</UniqueIdentifier>
    </Filter>
    <Filter Include="소스 파일\Camera">
      <UniqueIdentifier>{b98b6b1e-f8ea-4031-b906-a8929b55764c}</UniqueIdentifier>
    </Filter>
    <Filter Include="소스 파일\Geometries">
      <UniqueIdentifier>{8fd16db8-94ec-4e79-9ef3-5cb41ab7a3df}</UniqueIdentifier>
    </Filter>
    <Filter Include="소스 파일\GUI">
      <UniqueIdentifier>{2134fb24-25d4-41bf-bd8f-ba7c63862b6b}</UniqueIdentifier>
    </Filter>
    <Filter Include="소스 파일\Input">
      <UniqueIdentifier>{d4c27cd2-0285-4a4f-bf99-7ac040aaad0c}</UniqueIdentifier>
    </Filter>
    <Filter Include="소스 파일\Interface">
      <UniqueIdentifier>{c1e8c5f6-860a-4ed4-bfeb-9a3858040ce6}</UniqueIdentifier>
    </Filter>
    <Filter Include="소스 파일\Level">
      <UniqueIdentifier>{9c905478-3b92-4caf-a91f-64f2c0a21505}</UniqueIdentifier>
    </Filter>
    <Filter Include="소스 파일\Objects">
      <UniqueIdentifier>{e1482920-70b4-4855-94ab-31eefb28b249}</UniqueIdentifier>
    </Filter>
    <Filter Include="소스 파일\Shaders">
      <UniqueIdentifier>{5d1d84ea-7c6e-4080-94ed-6aced2a2741f}</UniqueIdentifier>
    </Filter>
    <Filter Include="소스 파일\Sound">
      <UniqueIdentifier>{09867f6c-3bb5-49d1-b4bf-ad8e6076fb27}</UniqueIdentifier>
    </Filter>
    <Filter Include="소스 파일\Utils">
      <UniqueIdentifier>{b9c862ca-328d-48ef-8df0-24e66307cc84}</UniqueIdentifier>
    </Filter>
  </ItemGroup>
  <ItemGroup>
    <None Include="..\Readme.md" />
    <None Include="..\.gitignore" />
    <None Include="..\Sources\Shaders\texture_ps.ps">
      <Filter>소스 파일\Shaders</Filter>
    </None>
    <None Include="..\Sources\Shaders\texture_vs.vs">
      <Filter>소스 파일\Shaders</Filter>
    </None>
  </ItemGroup>
  <ItemGroup>
    <Text Include="..\편집시 필수.txt" />
  </ItemGroup>
  <ItemGroup>
    <ClCompile Include="..\Sources\Assets\Deer.cpp">
      <Filter>소스 파일\Assets</Filter>
    </ClCompile>
    <ClCompile Include="..\Sources\Assets\Enemy1.cpp">
      <Filter>소스 파일\Assets</Filter>
    </ClCompile>
    <ClCompile Include="..\Sources\Assets\House.cpp">
      <Filter>소스 파일\Assets</Filter>
    </ClCompile>
    <ClCompile Include="..\Sources\Assets\Item.cpp">
      <Filter>소스 파일\Assets</Filter>
    </ClCompile>
    <ClCompile Include="..\Sources\Assets\Player.cpp">
      <Filter>소스 파일\Assets</Filter>
    </ClCompile>
    <ClCompile Include="..\Sources\Assets\Pond.cpp">
      <Filter>소스 파일\Assets</Filter>
    </ClCompile>
    <ClCompile Include="..\Sources\Assets\Potal.cpp">
      <Filter>소스 파일\Assets</Filter>
    </ClCompile>
    <ClCompile Include="..\Sources\Assets\Rock.cpp">
      <Filter>소스 파일\Assets</Filter>
    </ClCompile>
    <ClCompile Include="..\Sources\Assets\SpriteAsset.cpp">
      <Filter>소스 파일\Assets</Filter>
    </ClCompile>
    <ClCompile Include="..\Sources\Assets\StateUI.cpp">
      <Filter>소스 파일\Assets</Filter>
    </ClCompile>
    <ClCompile Include="..\Sources\Assets\TestAsset.cpp">
      <Filter>소스 파일\Assets</Filter>
    </ClCompile>
    <ClCompile Include="..\Sources\Assets\Tool.cpp">
      <Filter>소스 파일\Assets</Filter>
    </ClCompile>
    <ClCompile Include="..\Sources\Assets\Tree.cpp">
      <Filter>소스 파일\Assets</Filter>
    </ClCompile>
    <ClCompile Include="..\Sources\Assets\Well.cpp">
      <Filter>소스 파일\Assets</Filter>
    </ClCompile>
    <ClCompile Include="..\Sources\Assets\Workshop.cpp">
      <Filter>소스 파일\Assets</Filter>
    </ClCompile>
    <ClCompile Include="..\Sources\Camera\GameCamera.cpp">
      <Filter>소스 파일\Camera</Filter>
    </ClCompile>
    <ClCompile Include="..\Sources\GameApp.cpp">
      <Filter>소스 파일</Filter>
    </ClCompile>
    <ClCompile Include="..\Sources\GameAssetLoader.cpp">
      <Filter>소스 파일</Filter>
    </ClCompile>
    <ClCompile Include="..\Sources\GameSettings.cpp">
      <Filter>소스 파일</Filter>
    </ClCompile>
    <ClCompile Include="..\Sources\GameTextWriter.cpp">
      <Filter>소스 파일</Filter>
    </ClCompile>
    <ClCompile Include="..\Sources\GameTimer.cpp">
      <Filter>소스 파일</Filter>
    </ClCompile>
    <ClCompile Include="..\Sources\GameWindow.cpp">
      <Filter>소스 파일</Filter>
    </ClCompile>
    <ClCompile Include="..\Sources\main.cpp">
      <Filter>소스 파일</Filter>
    </ClCompile>
    <ClCompile Include="..\Sources\Geometries\GameBitmap.cpp">
      <Filter>소스 파일\Geometries</Filter>
    </ClCompile>
    <ClCompile Include="..\Sources\Geometries\GameSprite.cpp">
      <Filter>소스 파일\Geometries</Filter>
    </ClCompile>
    <ClCompile Include="..\Sources\Geometries\StateBar.cpp">
      <Filter>소스 파일\Geometries</Filter>
    </ClCompile>
    <ClCompile Include="..\Sources\GUI\Button.cpp">
      <Filter>소스 파일\GUI</Filter>
    </ClCompile>
    <ClCompile Include="..\Sources\Input\GameInput.cpp">
      <Filter>소스 파일\Input</Filter>
    </ClCompile>
    <ClCompile Include="..\Sources\Input\GameInput2.cpp">
      <Filter>소스 파일\Input</Filter>
    </ClCompile>
    <ClCompile Include="..\Sources\Level\DummyLevel.cpp">
      <Filter>소스 파일\Level</Filter>
    </ClCompile>
    <ClCompile Include="..\Sources\Level\GameLevelLoader.cpp">
      <Filter>소스 파일\Level</Filter>
    </ClCompile>
    <ClCompile Include="..\Sources\Level\GameOverLevel.cpp">
      <Filter>소스 파일\Level</Filter>
    </ClCompile>
    <ClCompile Include="..\Sources\Level\IslandLevel1.cpp">
      <Filter>소스 파일\Level</Filter>
    </ClCompile>
    <ClCompile Include="..\Sources\Level\LobbyLevel.cpp">
      <Filter>소스 파일\Level</Filter>
    </ClCompile>
    <ClCompile Include="..\Sources\Level\TestLevel1.cpp">
      <Filter>소스 파일\Level</Filter>
    </ClCompile>
    <ClCompile Include="..\Sources\Level\TestLevel2.cpp">
      <Filter>소스 파일\Level</Filter>
    </ClCompile>
    <ClCompile Include="..\Sources\Shaders\ColorShader.cpp">
      <Filter>소스 파일\Shaders</Filter>
    </ClCompile>
    <ClCompile Include="..\Sources\Shaders\GameTexture.cpp">
      <Filter>소스 파일\Shaders</Filter>
    </ClCompile>
    <ClCompile Include="..\Sources\Shaders\TextureShader.cpp">
      <Filter>소스 파일\Shaders</Filter>
    </ClCompile>
    <ClCompile Include="..\Sources\Sound\GameSound.cpp">
      <Filter>소스 파일\Sound</Filter>
    </ClCompile>
    <ClCompile Include="..\Sources\Utils\console.cpp">
      <Filter>소스 파일\Utils</Filter>
    </ClCompile>
    <ClCompile Include="..\Sources\Utils\error.cpp">
      <Filter>소스 파일\Utils</Filter>
    </ClCompile>
  </ItemGroup>
  <ItemGroup>
    <ClInclude Include="..\Sources\Assets\Deer.h">
      <Filter>소스 파일\Assets</Filter>
    </ClInclude>
    <ClInclude Include="..\Sources\Assets\Enemy1.h">
      <Filter>소스 파일\Assets</Filter>
    </ClInclude>
    <ClInclude Include="..\Sources\Assets\House.h">
      <Filter>소스 파일\Assets</Filter>
    </ClInclude>
    <ClInclude Include="..\Sources\Assets\Item.h">
      <Filter>소스 파일\Assets</Filter>
    </ClInclude>
    <ClInclude Include="..\Sources\Assets\Player.h">
      <Filter>소스 파일\Assets</Filter>
    </ClInclude>
    <ClInclude Include="..\Sources\Assets\Pond.h">
      <Filter>소스 파일\Assets</Filter>
    </ClInclude>
    <ClInclude Include="..\Sources\Assets\Potal.h">
      <Filter>소스 파일\Assets</Filter>
    </ClInclude>
    <ClInclude Include="..\Sources\Assets\Rock.h">
      <Filter>소스 파일\Assets</Filter>
    </ClInclude>
    <ClInclude Include="..\Sources\Assets\SpriteAsset.h">
      <Filter>소스 파일\Assets</Filter>
    </ClInclude>
    <ClInclude Include="..\Sources\Assets\StateUI.h">
      <Filter>소스 파일\Assets</Filter>
    </ClInclude>
    <ClInclude Include="..\Sources\Assets\TestAsset.h">
      <Filter>소스 파일\Assets</Filter>
    </ClInclude>
    <ClInclude Include="..\Sources\Assets\Tool.h">
      <Filter>소스 파일\Assets</Filter>
    </ClInclude>
    <ClInclude Include="..\Sources\Assets\Tree.h">
      <Filter>소스 파일\Assets</Filter>
    </ClInclude>
    <ClInclude Include="..\Sources\Assets\Well.h">
      <Filter>소스 파일\Assets</Filter>
    </ClInclude>
    <ClInclude Include="..\Sources\Assets\Workshop.h">
      <Filter>소스 파일\Assets</Filter>
    </ClInclude>
    <ClInclude Include="..\Sources\Camera\GameCamera.h">
      <Filter>소스 파일\Camera</Filter>
    </ClInclude>
    <ClInclude Include="..\Sources\GameApp.h">
      <Filter>소스 파일</Filter>
    </ClInclude>
    <ClInclude Include="..\Sources\GameAssetLoader.h">
      <Filter>소스 파일</Filter>
    </ClInclude>
    <ClInclude Include="..\Sources\GameDefs.h">
      <Filter>소스 파일</Filter>
    </ClInclude>
    <ClInclude Include="..\Sources\GameSettings.h">
      <Filter>소스 파일</Filter>
    </ClInclude>
    <ClInclude Include="..\Sources\GameTextWriter.h">
      <Filter>소스 파일</Filter>
    </ClInclude>
    <ClInclude Include="..\Sources\GameTimer.h">
      <Filter>소스 파일</Filter>
    </ClInclude>
    <ClInclude Include="..\Sources\GameWindow.h">
      <Filter>소스 파일</Filter>
    </ClInclude>
    <ClInclude Include="..\Sources\Geometries\GameBitmap.h">
      <Filter>소스 파일\Geometries</Filter>
    </ClInclude>
    <ClInclude Include="..\Sources\Geometries\GameSprite.h">
      <Filter>소스 파일\Geometries</Filter>
    </ClInclude>
    <ClInclude Include="..\Sources\Geometries\StateBar.h">
      <Filter>소스 파일\Geometries</Filter>
    </ClInclude>
    <ClInclude Include="..\Sources\GUI\Button.h">
      <Filter>소스 파일\GUI</Filter>
    </ClInclude>
    <ClInclude Include="..\Sources\Input\GameInput.h">
      <Filter>소스 파일\Input</Filter>
    </ClInclude>
    <ClInclude Include="..\Sources\Input\GameInput2.h">
      <Filter>소스 파일\Input</Filter>
    </ClInclude>
    <ClInclude Include="..\Sources\Interface\ICharacter.h">
      <Filter>소스 파일\Interface</Filter>
    </ClInclude>
    <ClInclude Include="..\Sources\Interface\IInteraction.h">
      <Filter>소스 파일\Interface</Filter>
    </ClInclude>
    <ClInclude Include="..\Sources\Interface\ILevel.h">
      <Filter>소스 파일\Interface</Filter>
    </ClInclude>
    <ClInclude Include="..\Sources\Interface\IRenderable.h">
      <Filter>소스 파일\Interface</Filter>
    </ClInclude>
    <ClInclude Include="..\Sources\Level\DummyLevel.h">
      <Filter>소스 파일\Level</Filter>
    </ClInclude>
    <ClInclude Include="..\Sources\Level\GameLevelLoader.h">
      <Filter>소스 파일\Level</Filter>
    </ClInclude>
    <ClInclude Include="..\Sources\Level\GameOverLevel.h">
      <Filter>소스 파일\Level</Filter>
    </ClInclude>
    <ClInclude Include="..\Sources\Level\IslandLevel1.h">
      <Filter>소스 파일\Level</Filter>
    </ClInclude>
    <ClInclude Include="..\Sources\Level\LobbyLevel.h">
      <Filter>소스 파일\Level</Filter>
    </ClInclude>
    <ClInclude Include="..\Sources\Level\TestLevel1.h">
      <Filter>소스 파일\Level</Filter>
    </ClInclude>
    <ClInclude Include="..\Sources\Level\TestLevel2.h">
      <Filter>소스 파일\Level</Filter>
    </ClInclude>
    <ClInclude Include="..\Sources\Objects\IRenderable.h">
      <Filter>소스 파일\Objects</Filter>
    </ClInclude>
    <ClInclude Include="..\Sources\Shaders\ColorShader.h">
      <Filter>소스 파일\Shaders</Filter>
    </ClInclude>
    <ClInclude Include="..\Sources\Shaders\GameTexture.h">
      <Filter>소스 파일\Shaders</Filter>
    </ClInclude>
    <ClInclude Include="..\Sources\Shaders\TextureShader.h">
      <Filter>소스 파일\Shaders</Filter>
    </ClInclude>
    <ClInclude Include="..\Sources\Sound\GameSound.h">
      <Filter>소스 파일\Sound</Filter>
    </ClInclude>
    <ClInclude Include="..\Sources\Utils\console.h">
      <Filter>소스 파일\Utils</Filter>
    </ClInclude>
    <ClInclude Include="..\Sources\Utils\error.h">
      <Filter>소스 파일\Utils</Filter>
    </ClInclude>
    <ClInclude Include="..\Sources\Utils\Release.h">
      <Filter>소스 파일\Utils</Filter>
    </ClInclude>
  </ItemGroup>
  <ItemGroup>
    <FxCompile Include="..\Sources\Shaders\texture.fx">
      <Filter>소스 파일\Shaders</Filter>
    </FxCompile>
  </ItemGroup>
</Project>